// !$*UTF8*$!
{
	archiveVersion = 1;
	classes = {
	};
	objectVersion = 56;
	objects = {

/* Begin PBXBuildFile section */
		2D44972C2A2A8F4B002ABD7D /* StartButtonView.swift in Sources */ = {isa = PBXBuildFile; fileRef = 2D44972B2A2A8F4B002ABD7D /* StartButtonView.swift */; };
		2D4497302A2B7F86002ABD7D /* FactsTabView.swift in Sources */ = {isa = PBXBuildFile; fileRef = 2D44972F2A2B7F86002ABD7D /* FactsTabView.swift */; };
		2D4497322A2B870A002ABD7D /* FactsData.swift in Sources */ = {isa = PBXBuildFile; fileRef = 2D4497312A2B870A002ABD7D /* FactsData.swift */; };
		2DFAC5EE2A2A5FFD00CF6199 /* StrawberryApp.swift in Sources */ = {isa = PBXBuildFile; fileRef = 2DFAC5ED2A2A5FFD00CF6199 /* StrawberryApp.swift */; };
		2DFAC5F02A2A5FFD00CF6199 /* ContentView.swift in Sources */ = {isa = PBXBuildFile; fileRef = 2DFAC5EF2A2A5FFD00CF6199 /* ContentView.swift */; };
		2DFAC5F22A2A5FFE00CF6199 /* Assets.xcassets in Resources */ = {isa = PBXBuildFile; fileRef = 2DFAC5F12A2A5FFE00CF6199 /* Assets.xcassets */; };
		2DFAC5F52A2A5FFE00CF6199 /* Preview Assets.xcassets in Resources */ = {isa = PBXBuildFile; fileRef = 2DFAC5F42A2A5FFE00CF6199 /* Preview Assets.xcassets */; };
		2DFAC5FE2A2A77C900CF6199 /* EntryView.swift in Sources */ = {isa = PBXBuildFile; fileRef = 2DFAC5FD2A2A77C900CF6199 /* EntryView.swift */; };
		2DFAC6012A2A7D4D00CF6199 /* AbrilFatface-Regular.ttf in Resources */ = {isa = PBXBuildFile; fileRef = 2DFAC6002A2A7D4D00CF6199 /* AbrilFatface-Regular.ttf */; };
		2DFAC6042A2A7E0A00CF6199 /* Constants.swift in Sources */ = {isa = PBXBuildFile; fileRef = 2DFAC6032A2A7E0A00CF6199 /* Constants.swift */; };
/* End PBXBuildFile section */

/* Begin PBXFileReference section */
		2D44972B2A2A8F4B002ABD7D /* StartButtonView.swift */ = {isa = PBXFileReference; lastKnownFileType = sourcecode.swift; path = StartButtonView.swift; sourceTree = "<group>"; };
		2D44972F2A2B7F86002ABD7D /* FactsTabView.swift */ = {isa = PBXFileReference; lastKnownFileType = sourcecode.swift; path = FactsTabView.swift; sourceTree = "<group>"; };
		2D4497312A2B870A002ABD7D /* FactsData.swift */ = {isa = PBXFileReference; lastKnownFileType = sourcecode.swift; path = FactsData.swift; sourceTree = "<group>"; };
		2DFAC5EA2A2A5FFD00CF6199 /* Strawberry.app */ = {isa = PBXFileReference; explicitFileType = wrapper.application; includeInIndex = 0; path = Strawberry.app; sourceTree = BUILT_PRODUCTS_DIR; };
		2DFAC5ED2A2A5FFD00CF6199 /* StrawberryApp.swift */ = {isa = PBXFileReference; lastKnownFileType = sourcecode.swift; path = StrawberryApp.swift; sourceTree = "<group>"; };
		2DFAC5EF2A2A5FFD00CF6199 /* ContentView.swift */ = {isa = PBXFileReference; lastKnownFileType = sourcecode.swift; path = ContentView.swift; sourceTree = "<group>"; };
		2DFAC5F12A2A5FFE00CF6199 /* Assets.xcassets */ = {isa = PBXFileReference; lastKnownFileType = folder.assetcatalog; path = Assets.xcassets; sourceTree = "<group>"; };
		2DFAC5F42A2A5FFE00CF6199 /* Preview Assets.xcassets */ = {isa = PBXFileReference; lastKnownFileType = folder.assetcatalog; path = "Preview Assets.xcassets"; sourceTree = "<group>"; };
		2DFAC5FD2A2A77C900CF6199 /* EntryView.swift */ = {isa = PBXFileReference; lastKnownFileType = sourcecode.swift; path = EntryView.swift; sourceTree = "<group>"; };
		2DFAC6002A2A7D4D00CF6199 /* AbrilFatface-Regular.ttf */ = {isa = PBXFileReference; lastKnownFileType = file; path = "AbrilFatface-Regular.ttf"; sourceTree = "<group>"; };
		2DFAC6022A2A7D7300CF6199 /* Info.plist */ = {isa = PBXFileReference; lastKnownFileType = text.plist; path = Info.plist; sourceTree = "<group>"; };
		2DFAC6032A2A7E0A00CF6199 /* Constants.swift */ = {isa = PBXFileReference; lastKnownFileType = sourcecode.swift; path = Constants.swift; sourceTree = "<group>"; };
/* End PBXFileReference section */

/* Begin PBXFrameworksBuildPhase section */
		2DFAC5E72A2A5FFD00CF6199 /* Frameworks */ = {
			isa = PBXFrameworksBuildPhase;
			buildActionMask = 2147483647;
			files = (
			);
			runOnlyForDeploymentPostprocessing = 0;
		};
/* End PBXFrameworksBuildPhase section */

/* Begin PBXGroup section */
		2DFAC5E12A2A5FFD00CF6199 = {
			isa = PBXGroup;
			children = (
				2DFAC5EC2A2A5FFD00CF6199 /* Strawberry */,
				2DFAC5EB2A2A5FFD00CF6199 /* Products */,
			);
			sourceTree = "<group>";
		};
		2DFAC5EB2A2A5FFD00CF6199 /* Products */ = {
			isa = PBXGroup;
			children = (
				2DFAC5EA2A2A5FFD00CF6199 /* Strawberry.app */,
			);
			name = Products;
			sourceTree = "<group>";
		};
		2DFAC5EC2A2A5FFD00CF6199 /* Strawberry */ = {
			isa = PBXGroup;
			children = (
				2DFAC6022A2A7D7300CF6199 /* Info.plist */,
				2DFAC5ED2A2A5FFD00CF6199 /* StrawberryApp.swift */,
				2DFAC6052A2A7E1200CF6199 /* Utilities */,
				2DFAC5FB2A2A60A200CF6199 /* Views */,
				2DFAC5FC2A2A60B000CF6199 /* Models */,
				2DFAC5FF2A2A7D2D00CF6199 /* Fonts */,
				2DFAC5F12A2A5FFE00CF6199 /* Assets.xcassets */,
				2DFAC5F32A2A5FFE00CF6199 /* Preview Content */,
			);
			path = Strawberry;
			sourceTree = "<group>";
		};
		2DFAC5F32A2A5FFE00CF6199 /* Preview Content */ = {
			isa = PBXGroup;
			children = (
				2DFAC5F42A2A5FFE00CF6199 /* Preview Assets.xcassets */,
			);
			path = "Preview Content";
			sourceTree = "<group>";
		};
		2DFAC5FB2A2A60A200CF6199 /* Views */ = {
			isa = PBXGroup;
			children = (
				2DFAC5FD2A2A77C900CF6199 /* EntryView.swift */,
				2D44972B2A2A8F4B002ABD7D /* StartButtonView.swift */,
				2DFAC5EF2A2A5FFD00CF6199 /* ContentView.swift */,
				2D44972F2A2B7F86002ABD7D /* FactsTabView.swift */,
			);
			path = Views;
			sourceTree = "<group>";
		};
		2DFAC5FC2A2A60B000CF6199 /* Models */ = {
			isa = PBXGroup;
			children = (
				2D4497312A2B870A002ABD7D /* FactsData.swift */,
			);
			path = Models;
			sourceTree = "<group>";
		};
		2DFAC5FF2A2A7D2D00CF6199 /* Fonts */ = {
			isa = PBXGroup;
			children = (
				2DFAC6002A2A7D4D00CF6199 /* AbrilFatface-Regular.ttf */,
			);
			path = Fonts;
			sourceTree = "<group>";
		};
		2DFAC6052A2A7E1200CF6199 /* Utilities */ = {
			isa = PBXGroup;
			children = (
				2DFAC6032A2A7E0A00CF6199 /* Constants.swift */,
			);
			path = Utilities;
			sourceTree = "<group>";
		};
/* End PBXGroup section */

/* Begin PBXNativeTarget section */
		2DFAC5E92A2A5FFD00CF6199 /* Strawberry */ = {
			isa = PBXNativeTarget;
			buildConfigurationList = 2DFAC5F82A2A5FFE00CF6199 /* Build configuration list for PBXNativeTarget "Strawberry" */;
			buildPhases = (
				2DFAC5E62A2A5FFD00CF6199 /* Sources */,
				2DFAC5E72A2A5FFD00CF6199 /* Frameworks */,
				2DFAC5E82A2A5FFD00CF6199 /* Resources */,
			);
			buildRules = (
			);
			dependencies = (
			);
			name = Strawberry;
			productName = Strawberry;
			productReference = 2DFAC5EA2A2A5FFD00CF6199 /* Strawberry.app */;
			productType = "com.apple.product-type.application";
		};
/* End PBXNativeTarget section */

/* Begin PBXProject section */
		2DFAC5E22A2A5FFD00CF6199 /* Project object */ = {
			isa = PBXProject;
			attributes = {
				BuildIndependentTargetsInParallel = 1;
				LastSwiftUpdateCheck = 1420;
				LastUpgradeCheck = 1420;
				TargetAttributes = {
					2DFAC5E92A2A5FFD00CF6199 = {
						CreatedOnToolsVersion = 14.2;
					};
				};
			};
			buildConfigurationList = 2DFAC5E52A2A5FFD00CF6199 /* Build configuration list for PBXProject "Strawberry" */;
			compatibilityVersion = "Xcode 14.0";
			developmentRegion = en;
			hasScannedForEncodings = 0;
			knownRegions = (
				en,
				Base,
			);
			mainGroup = 2DFAC5E12A2A5FFD00CF6199;
			productRefGroup = 2DFAC5EB2A2A5FFD00CF6199 /* Products */;
			projectDirPath = "";
			projectRoot = "";
			targets = (
				2DFAC5E92A2A5FFD00CF6199 /* Strawberry */,
			);
		};
/* End PBXProject section */

/* Begin PBXResourcesBuildPhase section */
		2DFAC5E82A2A5FFD00CF6199 /* Resources */ = {
			isa = PBXResourcesBuildPhase;
			buildActionMask = 2147483647;
			files = (
				2DFAC6012A2A7D4D00CF6199 /* AbrilFatface-Regular.ttf in Resources */,
				2DFAC5F52A2A5FFE00CF6199 /* Preview Assets.xcassets in Resources */,
				2DFAC5F22A2A5FFE00CF6199 /* Assets.xcassets in Resources */,
			);
			runOnlyForDeploymentPostprocessing = 0;
		};
/* End PBXResourcesBuildPhase section */

/* Begin PBXSourcesBuildPhase section */
		2DFAC5E62A2A5FFD00CF6199 /* Sources */ = {
			isa = PBXSourcesBuildPhase;
			buildActionMask = 2147483647;
			files = (
				2D4497322A2B870A002ABD7D /* FactsData.swift in Sources */,
				2DFAC5F02A2A5FFD00CF6199 /* ContentView.swift in Sources */,
				2DFAC5EE2A2A5FFD00CF6199 /* StrawberryApp.swift in Sources */,
				2D4497302A2B7F86002ABD7D /* FactsTabView.swift in Sources */,
				2DFAC5FE2A2A77C900CF6199 /* EntryView.swift in Sources */,
				2D44972C2A2A8F4B002ABD7D /* StartButtonView.swift in Sources */,
				2DFAC6042A2A7E0A00CF6199 /* Constants.swift in Sources */,
			);
			runOnlyForDeploymentPostprocessing = 0;
		};
/* End PBXSourcesBuildPhase section */

/* Begin XCBuildConfiguration section */
		2DFAC5F62A2A5FFE00CF6199 /* Debug */ = {
			isa = XCBuildConfiguration;
			buildSettings = {
				ALWAYS_SEARCH_USER_PATHS = NO;
				CLANG_ANALYZER_NONNULL = YES;
				CLANG_ANALYZER_NUMBER_OBJECT_CONVERSION = YES_AGGRESSIVE;
				CLANG_CXX_LANGUAGE_STANDARD = "gnu++20";
				CLANG_ENABLE_MODULES = YES;
				CLANG_ENABLE_OBJC_ARC = YES;
				CLANG_ENABLE_OBJC_WEAK = YES;
				CLANG_WARN_BLOCK_CAPTURE_AUTORELEASING = YES;
				CLANG_WARN_BOOL_CONVERSION = YES;
				CLANG_WARN_COMMA = YES;
				CLANG_WARN_CONSTANT_CONVERSION = YES;
				CLANG_WARN_DEPRECATED_OBJC_IMPLEMENTATIONS = YES;
				CLANG_WARN_DIRECT_OBJC_ISA_USAGE = YES_ERROR;
				CLANG_WARN_DOCUMENTATION_COMMENTS = YES;
				CLANG_WARN_EMPTY_BODY = YES;
				CLANG_WARN_ENUM_CONVERSION = YES;
				CLANG_WARN_INFINITE_RECURSION = YES;
				CLANG_WARN_INT_CONVERSION = YES;
				CLANG_WARN_NON_LITERAL_NULL_CONVERSION = YES;
				CLANG_WARN_OBJC_IMPLICIT_RETAIN_SELF = YES;
				CLANG_WARN_OBJC_LITERAL_CONVERSION = YES;
				CLANG_WARN_OBJC_ROOT_CLASS = YES_ERROR;
				CLANG_WARN_QUOTED_INCLUDE_IN_FRAMEWORK_HEADER = YES;
				CLANG_WARN_RANGE_LOOP_ANALYSIS = YES;
				CLANG_WARN_STRICT_PROTOTYPES = YES;
				CLANG_WARN_SUSPICIOUS_MOVE = YES;
				CLANG_WARN_UNGUARDED_AVAILABILITY = YES_AGGRESSIVE;
				CLANG_WARN_UNREACHABLE_CODE = YES;
				CLANG_WARN__DUPLICATE_METHOD_MATCH = YES;
				COPY_PHASE_STRIP = NO;
				DEBUG_INFORMATION_FORMAT = dwarf;
				ENABLE_STRICT_OBJC_MSGSEND = YES;
				ENABLE_TESTABILITY = YES;
				GCC_C_LANGUAGE_STANDARD = gnu11;
				GCC_DYNAMIC_NO_PIC = NO;
				GCC_NO_COMMON_BLOCKS = YES;
				GCC_OPTIMIZATION_LEVEL = 0;
				GCC_PREPROCESSOR_DEFINITIONS = (
					"DEBUG=1",
					"$(inherited)",
				);
				GCC_WARN_64_TO_32_BIT_CONVERSION = YES;
				GCC_WARN_ABOUT_RETURN_TYPE = YES_ERROR;
				GCC_WARN_UNDECLARED_SELECTOR = YES;
				GCC_WARN_UNINITIALIZED_AUTOS = YES_AGGRESSIVE;
				GCC_WARN_UNUSED_FUNCTION = YES;
				GCC_WARN_UNUSED_VARIABLE = YES;
				IPHONEOS_DEPLOYMENT_TARGET = 16.2;
				MTL_ENABLE_DEBUG_INFO = INCLUDE_SOURCE;
				MTL_FAST_MATH = YES;
				ONLY_ACTIVE_ARCH = YES;
				SDKROOT = iphoneos;
				SWIFT_ACTIVE_COMPILATION_CONDITIONS = DEBUG;
				SWIFT_OPTIMIZATION_LEVEL = "-Onone";
			};
			name = Debug;
		};
		2DFAC5F72A2A5FFE00CF6199 /* Release */ = {
			isa = XCBuildConfiguration;
			buildSettings = {
				ALWAYS_SEARCH_USER_PATHS = NO;
				CLANG_ANALYZER_NONNULL = YES;
				CLANG_ANALYZER_NUMBER_OBJECT_CONVERSION = YES_AGGRESSIVE;
				CLANG_CXX_LANGUAGE_STANDARD = "gnu++20";
				CLANG_ENABLE_MODULES = YES;
				CLANG_ENABLE_OBJC_ARC = YES;
				CLANG_ENABLE_OBJC_WEAK = YES;
				CLANG_WARN_BLOCK_CAPTURE_AUTORELEASING = YES;
				CLANG_WARN_BOOL_CONVERSION = YES;
				CLANG_WARN_COMMA = YES;
				CLANG_WARN_CONSTANT_CONVERSION = YES;
				CLANG_WARN_DEPRECATED_OBJC_IMPLEMENTATIONS = YES;
				CLANG_WARN_DIRECT_OBJC_ISA_USAGE = YES_ERROR;
				CLANG_WARN_DOCUMENTATION_COMMENTS = YES;
				CLANG_WARN_EMPTY_BODY = YES;
				CLANG_WARN_ENUM_CONVERSION = YES;
				CLANG_WARN_INFINITE_RECURSION = YES;
				CLANG_WARN_INT_CONVERSION = YES;
				CLANG_WARN_NON_LITERAL_NULL_CONVERSION = YES;
				CLANG_WARN_OBJC_IMPLICIT_RETAIN_SELF = YES;
				CLANG_WARN_OBJC_LITERAL_CONVERSION = YES;
				CLANG_WARN_OBJC_ROOT_CLASS = YES_ERROR;
				CLANG_WARN_QUOTED_INCLUDE_IN_FRAMEWORK_HEADER = YES;
				CLANG_WARN_RANGE_LOOP_ANALYSIS = YES;
				CLANG_WARN_STRICT_PROTOTYPES = YES;
				CLANG_WARN_SUSPICIOUS_MOVE = YES;
				CLANG_WARN_UNGUARDED_AVAILABILITY = YES_AGGRESSIVE;
				CLANG_WARN_UNREACHABLE_CODE = YES;
				CLANG_WARN__DUPLICATE_METHOD_MATCH = YES;
				COPY_PHASE_STRIP = NO;
				DEBUG_INFORMATION_FORMAT = "dwarf-with-dsym";
				ENABLE_NS_ASSERTIONS = NO;
				ENABLE_STRICT_OBJC_MSGSEND = YES;
				GCC_C_LANGUAGE_STANDARD = gnu11;
				GCC_NO_COMMON_BLOCKS = YES;
				GCC_WARN_64_TO_32_BIT_CONVERSION = YES;
				GCC_WARN_ABOUT_RETURN_TYPE = YES_ERROR;
				GCC_WARN_UNDECLARED_SELECTOR = YES;
				GCC_WARN_UNINITIALIZED_AUTOS = YES_AGGRESSIVE;
				GCC_WARN_UNUSED_FUNCTION = YES;
				GCC_WARN_UNUSED_VARIABLE = YES;
				IPHONEOS_DEPLOYMENT_TARGET = 16.2;
				MTL_ENABLE_DEBUG_INFO = NO;
				MTL_FAST_MATH = YES;
				SDKROOT = iphoneos;
				SWIFT_COMPILATION_MODE = wholemodule;
				SWIFT_OPTIMIZATION_LEVEL = "-O";
				VALIDATE_PRODUCT = YES;
			};
			name = Release;
		};
		2DFAC5F92A2A5FFE00CF6199 /* Debug */ = {
			isa = XCBuildConfiguration;
			buildSettings = {
				ASSETCATALOG_COMPILER_APPICON_NAME = AppIcon;
				ASSETCATALOG_COMPILER_GLOBAL_ACCENT_COLOR_NAME = AccentColor;
				CODE_SIGN_STYLE = Automatic;
				CURRENT_PROJECT_VERSION = 1;
				DEVELOPMENT_ASSET_PATHS = "\"Strawberry/Preview Content\"";
				DEVELOPMENT_TEAM = 2H8VP26HBU;
				ENABLE_PREVIEWS = YES;
				GENERATE_INFOPLIST_FILE = YES;
				INFOPLIST_FILE = Strawberry/Info.plist;
				INFOPLIST_KEY_UIApplicationSceneManifest_Generation = YES;
				INFOPLIST_KEY_UIApplicationSupportsIndirectInputEvents = YES;
				INFOPLIST_KEY_UILaunchScreen_Generation = YES;
				INFOPLIST_KEY_UISupportedInterfaceOrientations_iPad = "UIInterfaceOrientationPortrait UIInterfaceOrientationPortraitUpsideDown UIInterfaceOrientationLandscapeLeft UIInterfaceOrientationLandscapeRight";
				INFOPLIST_KEY_UISupportedInterfaceOrientations_iPhone = "UIInterfaceOrientationPortrait UIInterfaceOrientationLandscapeLeft UIInterfaceOrientationLandscapeRight";
				LD_RUNPATH_SEARCH_PATHS = (
					"$(inherited)",
					"@executable_path/Frameworks",
				);
				MARKETING_VERSION = 1.0;
				PRODUCT_BUNDLE_IDENTIFIER = odrzywolek.marta.Strawberry;
				PRODUCT_NAME = "$(TARGET_NAME)";
				SWIFT_EMIT_LOC_STRINGS = YES;
				SWIFT_VERSION = 5.0;
				TARGETED_DEVICE_FAMILY = "1,2";
			};
			name = Debug;
		};
		2DFAC5FA2A2A5FFE00CF6199 /* Release */ = {
			isa = XCBuildConfiguration;
			buildSettings = {
				ASSETCATALOG_COMPILER_APPICON_NAME = AppIcon;
				ASSETCATALOG_COMPILER_GLOBAL_ACCENT_COLOR_NAME = AccentColor;
				CODE_SIGN_STYLE = Automatic;
				CURRENT_PROJECT_VERSION = 1;
				DEVELOPMENT_ASSET_PATHS = "\"Strawberry/Preview Content\"";
				DEVELOPMENT_TEAM = 2H8VP26HBU;
				ENABLE_PREVIEWS = YES;
				GENERATE_INFOPLIST_FILE = YES;
				INFOPLIST_FILE = Strawberry/Info.plist;
				INFOPLIST_KEY_UIApplicationSceneManifest_Generation = YES;
				INFOPLIST_KEY_UIApplicationSupportsIndirectInputEvents = YES;
				INFOPLIST_KEY_UILaunchScreen_Generation = YES;
				INFOPLIST_KEY_UISupportedInterfaceOrientations_iPad = "UIInterfaceOrientationPortrait UIInterfaceOrientationPortraitUpsideDown UIInterfaceOrientationLandscapeLeft UIInterfaceOrientationLandscapeRight";
				INFOPLIST_KEY_UISupportedInterfaceOrientations_iPhone = "UIInterfaceOrientationPortrait UIInterfaceOrientationLandscapeLeft UIInterfaceOrientationLandscapeRight";
				LD_RUNPATH_SEARCH_PATHS = (
					"$(inherited)",
					"@executable_path/Frameworks",
				);
				MARKETING_VERSION = 1.0;
				PRODUCT_BUNDLE_IDENTIFIER = odrzywolek.marta.Strawberry;
				PRODUCT_NAME = "$(TARGET_NAME)";
				SWIFT_EMIT_LOC_STRINGS = YES;
				SWIFT_VERSION = 5.0;
				TARGETED_DEVICE_FAMILY = "1,2";
			};
			name = Release;
		};
/* End XCBuildConfiguration section */

/* Begin XCConfigurationList section */
		2DFAC5E52A2A5FFD00CF6199 /* Build configuration list for PBXProject "Strawberry" */ = {
			isa = XCConfigurationList;
			buildConfigurations = (
				2DFAC5F62A2A5FFE00CF6199 /* Debug */,
				2DFAC5F72A2A5FFE00CF6199 /* Release */,
			);
			defaultConfigurationIsVisible = 0;
			defaultConfigurationName = Release;
		};
		2DFAC5F82A2A5FFE00CF6199 /* Build configuration list for PBXNativeTarget "Strawberry" */ = {
			isa = XCConfigurationList;
			buildConfigurations = (
				2DFAC5F92A2A5FFE00CF6199 /* Debug */,
				2DFAC5FA2A2A5FFE00CF6199 /* Release */,
			);
			defaultConfigurationIsVisible = 0;
			defaultConfigurationName = Release;
		};
/* End XCConfigurationList section */
	};
	rootObject = 2DFAC5E22A2A5FFD00CF6199 /* Project object */;
}
